# This file is automatically @generated by Cargo.
# It is not intended for manual editing.
version = 3

[[package]]
name = "fastbuf"
version = "0.23.0"
source = "registry+https://github.com/rust-lang/crates.io-index"
checksum = "db49844afa6d995e8faf4ee6ebe730c495587e581d6aa16e149b5207beed9857"
dependencies = [
 "varuint",
]

[[package]]
name = "fastvarint"
version = "0.7.0"
dependencies = [
 "fastbuf",
]

[[package]]
name = "varuint"
version = "0.7.1"
source = "registry+https://github.com/rust-lang/crates.io-index"
checksum = "aa87b6bf001aaee248041a8fd176b6ed105b5ff78a8d13b4aa2f644660b3031d"
