# This file is automatically @generated by Cargo.
# It is not intended for manual editing.
version = 3

[[package]]
name = "fastbuf"
version = "0.21.0"
source = "registry+https://github.com/rust-lang/crates.io-index"
checksum = "263412426a20e9d7a915de441476508342e6bd0636c33d88f155a5617dc72e65"
dependencies = [
 "varuint",
]

[[package]]
name = "fastvarint"
version = "0.6.0"
dependencies = [
 "fastbuf",
]

[[package]]
name = "varuint"
version = "0.7.1"
source = "registry+https://github.com/rust-lang/crates.io-index"
checksum = "aa87b6bf001aaee248041a8fd176b6ed105b5ff78a8d13b4aa2f644660b3031d"
