# This file is automatically @generated by Cargo.
# It is not intended for manual editing.
version = 3

[[package]]
name = "fastbuf"
version = "0.25.0"
source = "registry+https://github.com/rust-lang/crates.io-index"
checksum = "4d9ead7a585cdef0d3ff8b1c28e63b1c3aff45aa71fe28a8e920304398ec6ffc"
dependencies = [
 "varuint",
]

[[package]]
name = "fastvarint"
version = "0.10.0"
dependencies = [
 "fastbuf",
]

[[package]]
name = "varuint"
version = "0.7.1"
source = "registry+https://github.com/rust-lang/crates.io-index"
checksum = "aa87b6bf001aaee248041a8fd176b6ed105b5ff78a8d13b4aa2f644660b3031d"
